// !$*UTF8*$!
{
	archiveVersion = 1;
	classes = {
	};
	objectVersion = 55;
	objects = {

/* Begin PBXBuildFile section */
		02B4DD6C282B843000C8EDE1 /* HabitTracker0511App.swift in Sources */ = {isa = PBXBuildFile; fileRef = 02B4DD6B282B843000C8EDE1 /* HabitTracker0511App.swift */; };
		02B4DD6E282B843000C8EDE1 /* ContentView.swift in Sources */ = {isa = PBXBuildFile; fileRef = 02B4DD6D282B843000C8EDE1 /* ContentView.swift */; };
		02B4DD70282B843200C8EDE1 /* Assets.xcassets in Resources */ = {isa = PBXBuildFile; fileRef = 02B4DD6F282B843200C8EDE1 /* Assets.xcassets */; };
		02B4DD73282B843200C8EDE1 /* Preview Assets.xcassets in Resources */ = {isa = PBXBuildFile; fileRef = 02B4DD72282B843200C8EDE1 /* Preview Assets.xcassets */; };
		02B4DD75282B843200C8EDE1 /* Persistence.swift in Sources */ = {isa = PBXBuildFile; fileRef = 02B4DD74282B843200C8EDE1 /* Persistence.swift */; };
		02B4DD78282B843200C8EDE1 /* HabitTracker0511.xcdatamodeld in Sources */ = {isa = PBXBuildFile; fileRef = 02B4DD76282B843200C8EDE1 /* HabitTracker0511.xcdatamodeld */; };
		02B4DD81282B863A00C8EDE1 /* Home.swift in Sources */ = {isa = PBXBuildFile; fileRef = 02B4DD80282B863A00C8EDE1 /* Home.swift */; };
		02B4DD83282B8A0D00C8EDE1 /* HabitViewModel.swift in Sources */ = {isa = PBXBuildFile; fileRef = 02B4DD82282B8A0D00C8EDE1 /* HabitViewModel.swift */; };
		02B4DD85282B8C4000C8EDE1 /* AddNewHabit.swift in Sources */ = {isa = PBXBuildFile; fileRef = 02B4DD84282B8C4000C8EDE1 /* AddNewHabit.swift */; };
/* End PBXBuildFile section */

/* Begin PBXFileReference section */
		02B4DD68282B843000C8EDE1 /* HabitTracker0511.app */ = {isa = PBXFileReference; explicitFileType = wrapper.application; includeInIndex = 0; path = HabitTracker0511.app; sourceTree = BUILT_PRODUCTS_DIR; };
		02B4DD6B282B843000C8EDE1 /* HabitTracker0511App.swift */ = {isa = PBXFileReference; lastKnownFileType = sourcecode.swift; path = HabitTracker0511App.swift; sourceTree = "<group>"; };
		02B4DD6D282B843000C8EDE1 /* ContentView.swift */ = {isa = PBXFileReference; lastKnownFileType = sourcecode.swift; path = ContentView.swift; sourceTree = "<group>"; };
		02B4DD6F282B843200C8EDE1 /* Assets.xcassets */ = {isa = PBXFileReference; lastKnownFileType = folder.assetcatalog; path = Assets.xcassets; sourceTree = "<group>"; };
		02B4DD72282B843200C8EDE1 /* Preview Assets.xcassets */ = {isa = PBXFileReference; lastKnownFileType = folder.assetcatalog; path = "Preview Assets.xcassets"; sourceTree = "<group>"; };
		02B4DD74282B843200C8EDE1 /* Persistence.swift */ = {isa = PBXFileReference; lastKnownFileType = sourcecode.swift; path = Persistence.swift; sourceTree = "<group>"; };
		02B4DD77282B843200C8EDE1 /* HabitTracker0511.xcdatamodel */ = {isa = PBXFileReference; lastKnownFileType = wrapper.xcdatamodel; path = HabitTracker0511.xcdatamodel; sourceTree = "<group>"; };
		02B4DD80282B863A00C8EDE1 /* Home.swift */ = {isa = PBXFileReference; lastKnownFileType = sourcecode.swift; path = Home.swift; sourceTree = "<group>"; };
		02B4DD82282B8A0D00C8EDE1 /* HabitViewModel.swift */ = {isa = PBXFileReference; lastKnownFileType = sourcecode.swift; path = HabitViewModel.swift; sourceTree = "<group>"; };
		02B4DD84282B8C4000C8EDE1 /* AddNewHabit.swift */ = {isa = PBXFileReference; lastKnownFileType = sourcecode.swift; path = AddNewHabit.swift; sourceTree = "<group>"; };
/* End PBXFileReference section */

/* Begin PBXFrameworksBuildPhase section */
		02B4DD65282B843000C8EDE1 /* Frameworks */ = {
			isa = PBXFrameworksBuildPhase;
			buildActionMask = 2147483647;
			files = (
			);
			runOnlyForDeploymentPostprocessing = 0;
		};
/* End PBXFrameworksBuildPhase section */

/* Begin PBXGroup section */
		02B4DD5F282B843000C8EDE1 = {
			isa = PBXGroup;
			children = (
				02B4DD6A282B843000C8EDE1 /* HabitTracker0511 */,
				02B4DD69282B843000C8EDE1 /* Products */,
			);
			sourceTree = "<group>";
		};
		02B4DD69282B843000C8EDE1 /* Products */ = {
			isa = PBXGroup;
			children = (
				02B4DD68282B843000C8EDE1 /* HabitTracker0511.app */,
			);
			name = Products;
			sourceTree = "<group>";
		};
		02B4DD6A282B843000C8EDE1 /* HabitTracker0511 */ = {
			isa = PBXGroup;
			children = (
				02B4DD7F282B862500C8EDE1 /* ViewModel */,
				02B4DD7E282B862000C8EDE1 /* View */,
				02B4DD6B282B843000C8EDE1 /* HabitTracker0511App.swift */,
				02B4DD6D282B843000C8EDE1 /* ContentView.swift */,
				02B4DD6F282B843200C8EDE1 /* Assets.xcassets */,
				02B4DD74282B843200C8EDE1 /* Persistence.swift */,
				02B4DD76282B843200C8EDE1 /* HabitTracker0511.xcdatamodeld */,
				02B4DD71282B843200C8EDE1 /* Preview Content */,
			);
			path = HabitTracker0511;
			sourceTree = "<group>";
		};
		02B4DD71282B843200C8EDE1 /* Preview Content */ = {
			isa = PBXGroup;
			children = (
				02B4DD72282B843200C8EDE1 /* Preview Assets.xcassets */,
			);
			path = "Preview Content";
			sourceTree = "<group>";
		};
		02B4DD7E282B862000C8EDE1 /* View */ = {
			isa = PBXGroup;
			children = (
				02B4DD80282B863A00C8EDE1 /* Home.swift */,
				02B4DD84282B8C4000C8EDE1 /* AddNewHabit.swift */,
			);
			path = View;
			sourceTree = "<group>";
		};
		02B4DD7F282B862500C8EDE1 /* ViewModel */ = {
			isa = PBXGroup;
			children = (
				02B4DD82282B8A0D00C8EDE1 /* HabitViewModel.swift */,
			);
			path = ViewModel;
			sourceTree = "<group>";
		};
/* End PBXGroup section */

/* Begin PBXNativeTarget section */
		02B4DD67282B843000C8EDE1 /* HabitTracker0511 */ = {
			isa = PBXNativeTarget;
			buildConfigurationList = 02B4DD7B282B843200C8EDE1 /* Build configuration list for PBXNativeTarget "HabitTracker0511" */;
			buildPhases = (
				02B4DD64282B843000C8EDE1 /* Sources */,
				02B4DD65282B843000C8EDE1 /* Frameworks */,
				02B4DD66282B843000C8EDE1 /* Resources */,
			);
			buildRules = (
			);
			dependencies = (
			);
			name = HabitTracker0511;
			productName = HabitTracker0511;
			productReference = 02B4DD68282B843000C8EDE1 /* HabitTracker0511.app */;
			productType = "com.apple.product-type.application";
		};
/* End PBXNativeTarget section */

/* Begin PBXProject section */
		02B4DD60282B843000C8EDE1 /* Project object */ = {
			isa = PBXProject;
			attributes = {
				BuildIndependentTargetsInParallel = 1;
				LastSwiftUpdateCheck = 1330;
				LastUpgradeCheck = 1330;
				TargetAttributes = {
					02B4DD67282B843000C8EDE1 = {
						CreatedOnToolsVersion = 13.3;
					};
				};
			};
			buildConfigurationList = 02B4DD63282B843000C8EDE1 /* Build configuration list for PBXProject "HabitTracker0511" */;
			compatibilityVersion = "Xcode 13.0";
			developmentRegion = en;
			hasScannedForEncodings = 0;
			knownRegions = (
				en,
				Base,
			);
			mainGroup = 02B4DD5F282B843000C8EDE1;
			productRefGroup = 02B4DD69282B843000C8EDE1 /* Products */;
			projectDirPath = "";
			projectRoot = "";
			targets = (
				02B4DD67282B843000C8EDE1 /* HabitTracker0511 */,
			);
		};
/* End PBXProject section */

/* Begin PBXResourcesBuildPhase section */
		02B4DD66282B843000C8EDE1 /* Resources */ = {
			isa = PBXResourcesBuildPhase;
			buildActionMask = 2147483647;
			files = (
				02B4DD73282B843200C8EDE1 /* Preview Assets.xcassets in Resources */,
				02B4DD70282B843200C8EDE1 /* Assets.xcassets in Resources */,
			);
			runOnlyForDeploymentPostprocessing = 0;
		};
/* End PBXResourcesBuildPhase section */

/* Begin PBXSourcesBuildPhase section */
		02B4DD64282B843000C8EDE1 /* Sources */ = {
			isa = PBXSourcesBuildPhase;
			buildActionMask = 2147483647;
			files = (
				02B4DD78282B843200C8EDE1 /* HabitTracker0511.xcdatamodeld in Sources */,
				02B4DD75282B843200C8EDE1 /* Persistence.swift in Sources */,
				02B4DD81282B863A00C8EDE1 /* Home.swift in Sources */,
				02B4DD85282B8C4000C8EDE1 /* AddNewHabit.swift in Sources */,
				02B4DD83282B8A0D00C8EDE1 /* HabitViewModel.swift in Sources */,
				02B4DD6E282B843000C8EDE1 /* ContentView.swift in Sources */,
				02B4DD6C282B843000C8EDE1 /* HabitTracker0511App.swift in Sources */,
			);
			runOnlyForDeploymentPostprocessing = 0;
		};
/* End PBXSourcesBuildPhase section */

/* Begin XCBuildConfiguration section */
		02B4DD79282B843200C8EDE1 /* Debug */ = {
			isa = XCBuildConfiguration;
			buildSettings = {
				ALWAYS_SEARCH_USER_PATHS = NO;
				CLANG_ANALYZER_NONNULL = YES;
				CLANG_ANALYZER_NUMBER_OBJECT_CONVERSION = YES_AGGRESSIVE;
				CLANG_CXX_LANGUAGE_STANDARD = "gnu++17";
				CLANG_ENABLE_MODULES = YES;
				CLANG_ENABLE_OBJC_ARC = YES;
				CLANG_ENABLE_OBJC_WEAK = YES;
				CLANG_WARN_BLOCK_CAPTURE_AUTORELEASING = YES;
				CLANG_WARN_BOOL_CONVERSION = YES;
				CLANG_WARN_COMMA = YES;
				CLANG_WARN_CONSTANT_CONVERSION = YES;
				CLANG_WARN_DEPRECATED_OBJC_IMPLEMENTATIONS = YES;
				CLANG_WARN_DIRECT_OBJC_ISA_USAGE = YES_ERROR;
				CLANG_WARN_DOCUMENTATION_COMMENTS = YES;
				CLANG_WARN_EMPTY_BODY = YES;
				CLANG_WARN_ENUM_CONVERSION = YES;
				CLANG_WARN_INFINITE_RECURSION = YES;
				CLANG_WARN_INT_CONVERSION = YES;
				CLANG_WARN_NON_LITERAL_NULL_CONVERSION = YES;
				CLANG_WARN_OBJC_IMPLICIT_RETAIN_SELF = YES;
				CLANG_WARN_OBJC_LITERAL_CONVERSION = YES;
				CLANG_WARN_OBJC_ROOT_CLASS = YES_ERROR;
				CLANG_WARN_QUOTED_INCLUDE_IN_FRAMEWORK_HEADER = YES;
				CLANG_WARN_RANGE_LOOP_ANALYSIS = YES;
				CLANG_WARN_STRICT_PROTOTYPES = YES;
				CLANG_WARN_SUSPICIOUS_MOVE = YES;
				CLANG_WARN_UNGUARDED_AVAILABILITY = YES_AGGRESSIVE;
				CLANG_WARN_UNREACHABLE_CODE = YES;
				CLANG_WARN__DUPLICATE_METHOD_MATCH = YES;
				COPY_PHASE_STRIP = NO;
				DEBUG_INFORMATION_FORMAT = dwarf;
				ENABLE_STRICT_OBJC_MSGSEND = YES;
				ENABLE_TESTABILITY = YES;
				GCC_C_LANGUAGE_STANDARD = gnu11;
				GCC_DYNAMIC_NO_PIC = NO;
				GCC_NO_COMMON_BLOCKS = YES;
				GCC_OPTIMIZATION_LEVEL = 0;
				GCC_PREPROCESSOR_DEFINITIONS = (
					"DEBUG=1",
					"$(inherited)",
				);
				GCC_WARN_64_TO_32_BIT_CONVERSION = YES;
				GCC_WARN_ABOUT_RETURN_TYPE = YES_ERROR;
				GCC_WARN_UNDECLARED_SELECTOR = YES;
				GCC_WARN_UNINITIALIZED_AUTOS = YES_AGGRESSIVE;
				GCC_WARN_UNUSED_FUNCTION = YES;
				GCC_WARN_UNUSED_VARIABLE = YES;
				IPHONEOS_DEPLOYMENT_TARGET = 15.4;
				MTL_ENABLE_DEBUG_INFO = INCLUDE_SOURCE;
				MTL_FAST_MATH = YES;
				ONLY_ACTIVE_ARCH = YES;
				SDKROOT = iphoneos;
				SWIFT_ACTIVE_COMPILATION_CONDITIONS = DEBUG;
				SWIFT_OPTIMIZATION_LEVEL = "-Onone";
			};
			name = Debug;
		};
		02B4DD7A282B843200C8EDE1 /* Release */ = {
			isa = XCBuildConfiguration;
			buildSettings = {
				ALWAYS_SEARCH_USER_PATHS = NO;
				CLANG_ANALYZER_NONNULL = YES;
				CLANG_ANALYZER_NUMBER_OBJECT_CONVERSION = YES_AGGRESSIVE;
				CLANG_CXX_LANGUAGE_STANDARD = "gnu++17";
				CLANG_ENABLE_MODULES = YES;
				CLANG_ENABLE_OBJC_ARC = YES;
				CLANG_ENABLE_OBJC_WEAK = YES;
				CLANG_WARN_BLOCK_CAPTURE_AUTORELEASING = YES;
				CLANG_WARN_BOOL_CONVERSION = YES;
				CLANG_WARN_COMMA = YES;
				CLANG_WARN_CONSTANT_CONVERSION = YES;
				CLANG_WARN_DEPRECATED_OBJC_IMPLEMENTATIONS = YES;
				CLANG_WARN_DIRECT_OBJC_ISA_USAGE = YES_ERROR;
				CLANG_WARN_DOCUMENTATION_COMMENTS = YES;
				CLANG_WARN_EMPTY_BODY = YES;
				CLANG_WARN_ENUM_CONVERSION = YES;
				CLANG_WARN_INFINITE_RECURSION = YES;
				CLANG_WARN_INT_CONVERSION = YES;
				CLANG_WARN_NON_LITERAL_NULL_CONVERSION = YES;
				CLANG_WARN_OBJC_IMPLICIT_RETAIN_SELF = YES;
				CLANG_WARN_OBJC_LITERAL_CONVERSION = YES;
				CLANG_WARN_OBJC_ROOT_CLASS = YES_ERROR;
				CLANG_WARN_QUOTED_INCLUDE_IN_FRAMEWORK_HEADER = YES;
				CLANG_WARN_RANGE_LOOP_ANALYSIS = YES;
				CLANG_WARN_STRICT_PROTOTYPES = YES;
				CLANG_WARN_SUSPICIOUS_MOVE = YES;
				CLANG_WARN_UNGUARDED_AVAILABILITY = YES_AGGRESSIVE;
				CLANG_WARN_UNREACHABLE_CODE = YES;
				CLANG_WARN__DUPLICATE_METHOD_MATCH = YES;
				COPY_PHASE_STRIP = NO;
				DEBUG_INFORMATION_FORMAT = "dwarf-with-dsym";
				ENABLE_NS_ASSERTIONS = NO;
				ENABLE_STRICT_OBJC_MSGSEND = YES;
				GCC_C_LANGUAGE_STANDARD = gnu11;
				GCC_NO_COMMON_BLOCKS = YES;
				GCC_WARN_64_TO_32_BIT_CONVERSION = YES;
				GCC_WARN_ABOUT_RETURN_TYPE = YES_ERROR;
				GCC_WARN_UNDECLARED_SELECTOR = YES;
				GCC_WARN_UNINITIALIZED_AUTOS = YES_AGGRESSIVE;
				GCC_WARN_UNUSED_FUNCTION = YES;
				GCC_WARN_UNUSED_VARIABLE = YES;
				IPHONEOS_DEPLOYMENT_TARGET = 15.4;
				MTL_ENABLE_DEBUG_INFO = NO;
				MTL_FAST_MATH = YES;
				SDKROOT = iphoneos;
				SWIFT_COMPILATION_MODE = wholemodule;
				SWIFT_OPTIMIZATION_LEVEL = "-O";
				VALIDATE_PRODUCT = YES;
			};
			name = Release;
		};
		02B4DD7C282B843200C8EDE1 /* Debug */ = {
			isa = XCBuildConfiguration;
			buildSettings = {
				ASSETCATALOG_COMPILER_APPICON_NAME = AppIcon;
				ASSETCATALOG_COMPILER_GLOBAL_ACCENT_COLOR_NAME = AccentColor;
				CODE_SIGN_STYLE = Automatic;
				CURRENT_PROJECT_VERSION = 1;
				DEVELOPMENT_ASSET_PATHS = "\"HabitTracker0511/Preview Content\"";
				DEVELOPMENT_TEAM = Z24MR455SQ;
				ENABLE_PREVIEWS = YES;
				GENERATE_INFOPLIST_FILE = YES;
				INFOPLIST_KEY_UIApplicationSceneManifest_Generation = YES;
				INFOPLIST_KEY_UIApplicationSupportsIndirectInputEvents = YES;
				INFOPLIST_KEY_UILaunchScreen_Generation = YES;
				INFOPLIST_KEY_UISupportedInterfaceOrientations_iPad = "UIInterfaceOrientationPortrait UIInterfaceOrientationPortraitUpsideDown UIInterfaceOrientationLandscapeLeft UIInterfaceOrientationLandscapeRight";
				INFOPLIST_KEY_UISupportedInterfaceOrientations_iPhone = "UIInterfaceOrientationPortrait UIInterfaceOrientationLandscapeLeft UIInterfaceOrientationLandscapeRight";
				LD_RUNPATH_SEARCH_PATHS = (
					"$(inherited)",
					"@executable_path/Frameworks",
				);
				MARKETING_VERSION = 1.0;
				PRODUCT_BUNDLE_IDENTIFIER = zyf.HabitTracker0511;
				PRODUCT_NAME = "$(TARGET_NAME)";
				SWIFT_EMIT_LOC_STRINGS = YES;
				SWIFT_VERSION = 5.0;
				TARGETED_DEVICE_FAMILY = "1,2";
			};
			name = Debug;
		};
		02B4DD7D282B843200C8EDE1 /* Release */ = {
			isa = XCBuildConfiguration;
			buildSettings = {
				ASSETCATALOG_COMPILER_APPICON_NAME = AppIcon;
				ASSETCATALOG_COMPILER_GLOBAL_ACCENT_COLOR_NAME = AccentColor;
				CODE_SIGN_STYLE = Automatic;
				CURRENT_PROJECT_VERSION = 1;
				DEVELOPMENT_ASSET_PATHS = "\"HabitTracker0511/Preview Content\"";
				DEVELOPMENT_TEAM = Z24MR455SQ;
				ENABLE_PREVIEWS = YES;
				GENERATE_INFOPLIST_FILE = YES;
				INFOPLIST_KEY_UIApplicationSceneManifest_Generation = YES;
				INFOPLIST_KEY_UIApplicationSupportsIndirectInputEvents = YES;
				INFOPLIST_KEY_UILaunchScreen_Generation = YES;
				INFOPLIST_KEY_UISupportedInterfaceOrientations_iPad = "UIInterfaceOrientationPortrait UIInterfaceOrientationPortraitUpsideDown UIInterfaceOrientationLandscapeLeft UIInterfaceOrientationLandscapeRight";
				INFOPLIST_KEY_UISupportedInterfaceOrientations_iPhone = "UIInterfaceOrientationPortrait UIInterfaceOrientationLandscapeLeft UIInterfaceOrientationLandscapeRight";
				LD_RUNPATH_SEARCH_PATHS = (
					"$(inherited)",
					"@executable_path/Frameworks",
				);
				MARKETING_VERSION = 1.0;
				PRODUCT_BUNDLE_IDENTIFIER = zyf.HabitTracker0511;
				PRODUCT_NAME = "$(TARGET_NAME)";
				SWIFT_EMIT_LOC_STRINGS = YES;
				SWIFT_VERSION = 5.0;
				TARGETED_DEVICE_FAMILY = "1,2";
			};
			name = Release;
		};
/* End XCBuildConfiguration section */

/* Begin XCConfigurationList section */
		02B4DD63282B843000C8EDE1 /* Build configuration list for PBXProject "HabitTracker0511" */ = {
			isa = XCConfigurationList;
			buildConfigurations = (
				02B4DD79282B843200C8EDE1 /* Debug */,
				02B4DD7A282B843200C8EDE1 /* Release */,
			);
			defaultConfigurationIsVisible = 0;
			defaultConfigurationName = Release;
		};
		02B4DD7B282B843200C8EDE1 /* Build configuration list for PBXNativeTarget "HabitTracker0511" */ = {
			isa = XCConfigurationList;
			buildConfigurations = (
				02B4DD7C282B843200C8EDE1 /* Debug */,
				02B4DD7D282B843200C8EDE1 /* Release */,
			);
			defaultConfigurationIsVisible = 0;
			defaultConfigurationName = Release;
		};
/* End XCConfigurationList section */

/* Begin XCVersionGroup section */
		02B4DD76282B843200C8EDE1 /* HabitTracker0511.xcdatamodeld */ = {
			isa = XCVersionGroup;
			children = (
				02B4DD77282B843200C8EDE1 /* HabitTracker0511.xcdatamodel */,
			);
			currentVersion = 02B4DD77282B843200C8EDE1 /* HabitTracker0511.xcdatamodel */;
			path = HabitTracker0511.xcdatamodeld;
			sourceTree = "<group>";
			versionGroupType = wrapper.xcdatamodel;
		};
/* End XCVersionGroup section */
	};
	rootObject = 02B4DD60282B843000C8EDE1 /* Project object */;
}
